PODS:
  - Alamofire (4.7.3)
  - Highlightr (2.0.1)

DEPENDENCIES:
  - Alamofire (~> 4.7.3)
  - Highlightr (~> 2.0.1)

SPEC REPOS:
  https://github.com/cocoapods/specs.git:
    - Alamofire
    - Highlightr

SPEC CHECKSUMS:
  Alamofire: c7287b6e5d7da964a70935e5db17046b7fde6568
  Highlightr: 65655134dd0d5e1320afdd8a9d880c9e9dc0b437

PODFILE CHECKSUM: e5256f792baf9622d8a7812a6968ccc23914cb92

COCOAPODS: 1.5.2
