// !$*UTF8*$!
{
	archiveVersion = 1;
	classes = {
	};
	objectVersion = 50;
	objects = {

/* Begin PBXBuildFile section */
		372A112D2134260600C72079 /* Lament of Valkyrie.mp3 in Resources */ = {isa = PBXBuildFile; fileRef = 372A112C2134260600C72079 /* Lament of Valkyrie.mp3 */; };
		372A112F2134262900C72079 /* Myriad.mp3 in Resources */ = {isa = PBXBuildFile; fileRef = 372A112E2134262900C72079 /* Myriad.mp3 */; };
		373AECED21416E44003BA401 /* Web13ViewController.swift in Sources */ = {isa = PBXBuildFile; fileRef = 373AECEC21416E44003BA401 /* Web13ViewController.swift */; };
		373AECF1214271D8003BA401 /* BasicProgramViewController.swift in Sources */ = {isa = PBXBuildFile; fileRef = 373AECF0214271D8003BA401 /* BasicProgramViewController.swift */; };
		376EBC5F21186AD100AD73EC /* HomeTableViewController.swift in Sources */ = {isa = PBXBuildFile; fileRef = 376EBC5E21186AD100AD73EC /* HomeTableViewController.swift */; };
		376EBC612118A99400AD73EC /* swift3中文版.pdf in Resources */ = {isa = PBXBuildFile; fileRef = 376EBC602118A99400AD73EC /* swift3中文版.pdf */; };
		376EBC642118AC1E00AD73EC /* swift4英文版.pdf in Resources */ = {isa = PBXBuildFile; fileRef = 376EBC632118AC1E00AD73EC /* swift4英文版.pdf */; };
		376EBC66211C4BB900AD73EC /* MineTableViewController.swift in Sources */ = {isa = PBXBuildFile; fileRef = 376EBC65211C4BB900AD73EC /* MineTableViewController.swift */; };
		376EBC6A211C4D2200AD73EC /* ReadMeViewController.swift in Sources */ = {isa = PBXBuildFile; fileRef = 376EBC69211C4D2200AD73EC /* ReadMeViewController.swift */; };
		376EBC6C211C4DEB00AD73EC /* ReadmeotherViewController.swift in Sources */ = {isa = PBXBuildFile; fileRef = 376EBC6B211C4DEB00AD73EC /* ReadmeotherViewController.swift */; };
		376EBC6E211C61DF00AD73EC /* SysTableViewController.swift in Sources */ = {isa = PBXBuildFile; fileRef = 376EBC6D211C61DF00AD73EC /* SysTableViewController.swift */; };
		376EBC70211C6D5D00AD73EC /* MyCellTableViewController.swift in Sources */ = {isa = PBXBuildFile; fileRef = 376EBC6F211C6D5D00AD73EC /* MyCellTableViewController.swift */; };
		376EBC722120802D00AD73EC /* SelectedTableViewController.swift in Sources */ = {isa = PBXBuildFile; fileRef = 376EBC712120802D00AD73EC /* SelectedTableViewController.swift */; };
		376EBC742120804000AD73EC /* InsertTableViewController.swift in Sources */ = {isa = PBXBuildFile; fileRef = 376EBC732120804000AD73EC /* InsertTableViewController.swift */; };
		376EBC762120805300AD73EC /* RemoveTableViewController.swift in Sources */ = {isa = PBXBuildFile; fileRef = 376EBC752120805300AD73EC /* RemoveTableViewController.swift */; };
		376EBC782120808500AD73EC /* NestedTableViewController.swift in Sources */ = {isa = PBXBuildFile; fileRef = 376EBC772120808500AD73EC /* NestedTableViewController.swift */; };
		376EBC7B21231A1C00AD73EC /* Test09MyCollectionViewController.swift in Sources */ = {isa = PBXBuildFile; fileRef = 376EBC7A21231A1C00AD73EC /* Test09MyCollectionViewController.swift */; };
		376EBC7D21231C5700AD73EC /* Gesture10TableViewController.swift in Sources */ = {isa = PBXBuildFile; fileRef = 376EBC7C21231C5700AD73EC /* Gesture10TableViewController.swift */; };
		376EBC7F2127052F00AD73EC /* CheckGesture10ViewController.swift in Sources */ = {isa = PBXBuildFile; fileRef = 376EBC7E2127052F00AD73EC /* CheckGesture10ViewController.swift */; };
		376EBC8121294BFA00AD73EC /* Media11ViewController.swift in Sources */ = {isa = PBXBuildFile; fileRef = 376EBC8021294BFA00AD73EC /* Media11ViewController.swift */; };
		376EBC83212950B700AD73EC /* Animation11ViewController.swift in Sources */ = {isa = PBXBuildFile; fileRef = 376EBC82212950B700AD73EC /* Animation11ViewController.swift */; };
		376EBC85212950C900AD73EC /* Radio11ViewController.swift in Sources */ = {isa = PBXBuildFile; fileRef = 376EBC84212950C900AD73EC /* Radio11ViewController.swift */; };
		376EBC87212950D700AD73EC /* Video11ViewController.swift in Sources */ = {isa = PBXBuildFile; fileRef = 376EBC86212950D700AD73EC /* Video11ViewController.swift */; };
		376EBC89212950F000AD73EC /* RadioVideo11ViewController.swift in Sources */ = {isa = PBXBuildFile; fileRef = 376EBC88212950F000AD73EC /* RadioVideo11ViewController.swift */; };
		37706ED021451BD000763593 /* Store14ViewController.swift in Sources */ = {isa = PBXBuildFile; fileRef = 37706ECF21451BD000763593 /* Store14ViewController.swift */; };
		37706ED221451BF800763593 /* MutalProgress15ViewController.swift in Sources */ = {isa = PBXBuildFile; fileRef = 37706ED121451BF800763593 /* MutalProgress15ViewController.swift */; };
		37706ED421451CBA00763593 /* Plist14ViewController.swift in Sources */ = {isa = PBXBuildFile; fileRef = 37706ED321451CBA00763593 /* Plist14ViewController.swift */; };
		37706ED621451CD100763593 /* Object14ViewController.swift in Sources */ = {isa = PBXBuildFile; fileRef = 37706ED521451CD100763593 /* Object14ViewController.swift */; };
		37706ED821451CE400763593 /* SQLLite14ViewController.swift in Sources */ = {isa = PBXBuildFile; fileRef = 37706ED721451CE400763593 /* SQLLite14ViewController.swift */; };
		37706EDA21451CF300763593 /* CoreDate14ViewController.swift in Sources */ = {isa = PBXBuildFile; fileRef = 37706ED921451CF300763593 /* CoreDate14ViewController.swift */; };
		37706EDC21451DE500763593 /* Thred15ViewController.swift in Sources */ = {isa = PBXBuildFile; fileRef = 37706EDB21451DE500763593 /* Thred15ViewController.swift */; };
		37706EDE21451DF500763593 /* Operation15ViewController.swift in Sources */ = {isa = PBXBuildFile; fileRef = 37706EDD21451DF500763593 /* Operation15ViewController.swift */; };
		37706EE021451E0200763593 /* GCD15ViewController.swift in Sources */ = {isa = PBXBuildFile; fileRef = 37706EDF21451E0200763593 /* GCD15ViewController.swift */; };
		37706EE221451EA600763593 /* Mapkit16ViewController.swift in Sources */ = {isa = PBXBuildFile; fileRef = 37706EE121451EA600763593 /* Mapkit16ViewController.swift */; };
		3772D26621356388004D2C25 /* Network12ViewController.swift in Sources */ = {isa = PBXBuildFile; fileRef = 3772D26521356388004D2C25 /* Network12ViewController.swift */; };
		3772D2682135679A004D2C25 /* Network1201ViewController.swift in Sources */ = {isa = PBXBuildFile; fileRef = 3772D2672135679A004D2C25 /* Network1201ViewController.swift */; };
		3772D26A213567A9004D2C25 /* Network1202ViewController.swift in Sources */ = {isa = PBXBuildFile; fileRef = 3772D269213567A9004D2C25 /* Network1202ViewController.swift */; };
		3772D26C213567B5004D2C25 /* Network1203ViewController.swift in Sources */ = {isa = PBXBuildFile; fileRef = 3772D26B213567B5004D2C25 /* Network1203ViewController.swift */; };
		3772D26E213567C7004D2C25 /* Network1204ViewController.swift in Sources */ = {isa = PBXBuildFile; fileRef = 3772D26D213567C7004D2C25 /* Network1204ViewController.swift */; };
		3772D270213569CE004D2C25 /* MyNetworkReachabilityManager.swift in Sources */ = {isa = PBXBuildFile; fileRef = 3772D26F213569CE004D2C25 /* MyNetworkReachabilityManager.swift */; };
		379AC5FB20F3213B0090EACD /* MainTabbarViewController.swift in Sources */ = {isa = PBXBuildFile; fileRef = 379AC5FA20F3213B0090EACD /* MainTabbarViewController.swift */; };
		379AC5FF20F3A1AE0090EACD /* CourseTableViewController.swift in Sources */ = {isa = PBXBuildFile; fileRef = 379AC5FE20F3A1AE0090EACD /* CourseTableViewController.swift */; };
		379AC60120F3F0070090EACD /* MainNavViewController.swift in Sources */ = {isa = PBXBuildFile; fileRef = 379AC60020F3F0070090EACD /* MainNavViewController.swift */; };
		379AC60720F71C6E0090EACD /* Test09CollectionViewCell.swift in Sources */ = {isa = PBXBuildFile; fileRef = 379AC60620F71C6E0090EACD /* Test09CollectionViewCell.swift */; };
		379AC60920FCD7DA0090EACD /* MYTableViewController.swift in Sources */ = {isa = PBXBuildFile; fileRef = 379AC60820FCD7DA0090EACD /* MYTableViewController.swift */; };
		379AC61120FCD9D40090EACD /* Test08Tableviewcell.swift in Sources */ = {isa = PBXBuildFile; fileRef = 379AC61020FCD9D40090EACD /* Test08Tableviewcell.swift */; };
		379AC61320FCE0160090EACD /* IndexTableViewController.swift in Sources */ = {isa = PBXBuildFile; fileRef = 379AC61220FCE0160090EACD /* IndexTableViewController.swift */; };
		37A6F26F20D9F26D00D878AE /* AppDelegate.swift in Sources */ = {isa = PBXBuildFile; fileRef = 37A6F26E20D9F26D00D878AE /* AppDelegate.swift */; };
		37A6F27120D9F26D00D878AE /* ViewController.swift in Sources */ = {isa = PBXBuildFile; fileRef = 37A6F27020D9F26D00D878AE /* ViewController.swift */; };
		37A6F27620D9F26D00D878AE /* Assets.xcassets in Resources */ = {isa = PBXBuildFile; fileRef = 37A6F27520D9F26D00D878AE /* Assets.xcassets */; };
		37A6F28220D9F2B500D878AE /* FirstViewController.swift in Sources */ = {isa = PBXBuildFile; fileRef = 37A6F28120D9F2B500D878AE /* FirstViewController.swift */; };
		37A6F28420D9F2C800D878AE /* SecondViewController.swift in Sources */ = {isa = PBXBuildFile; fileRef = 37A6F28320D9F2C800D878AE /* SecondViewController.swift */; };
		37A6F28620D9F2DF00D878AE /* PageViewController.swift in Sources */ = {isa = PBXBuildFile; fileRef = 37A6F28520D9F2DF00D878AE /* PageViewController.swift */; };
		37A6F28E20DA321600D878AE /* RoundView.swift in Sources */ = {isa = PBXBuildFile; fileRef = 37A6F28D20DA321600D878AE /* RoundView.swift */; };
		37A6F29220DA332300D878AE /* TestViewController.swift in Sources */ = {isa = PBXBuildFile; fileRef = 37A6F29120DA332300D878AE /* TestViewController.swift */; };
		37A6F29420DA34BA00D878AE /* OldViewController.swift in Sources */ = {isa = PBXBuildFile; fileRef = 37A6F29320DA34BA00D878AE /* OldViewController.swift */; };
		37A6F29620DA352600D878AE /* NewViewController.swift in Sources */ = {isa = PBXBuildFile; fileRef = 37A6F29520DA352600D878AE /* NewViewController.swift */; };
		37A6F29820DC079400D878AE /* First04ViewController.swift in Sources */ = {isa = PBXBuildFile; fileRef = 37A6F29720DC079400D878AE /* First04ViewController.swift */; };
		37A6F29A20DC07A700D878AE /* Second04ViewController.swift in Sources */ = {isa = PBXBuildFile; fileRef = 37A6F29920DC07A700D878AE /* Second04ViewController.swift */; };
		37A6F29C20DC07B800D878AE /* Third04ViewController.swift in Sources */ = {isa = PBXBuildFile; fileRef = 37A6F29B20DC07B800D878AE /* Third04ViewController.swift */; };
		37A6F29F20DCBBD700D878AE /* Test04TabbarViewController.swift in Sources */ = {isa = PBXBuildFile; fileRef = 37A6F29E20DCBBD700D878AE /* Test04TabbarViewController.swift */; };
		37A6F2A120E0112700D878AE /* First05ViewController.swift in Sources */ = {isa = PBXBuildFile; fileRef = 37A6F2A020E0112700D878AE /* First05ViewController.swift */; };
		37A6F2A320E0113600D878AE /* Second05ViewController.swift in Sources */ = {isa = PBXBuildFile; fileRef = 37A6F2A220E0113600D878AE /* Second05ViewController.swift */; };
		37A6F2A520E0132A00D878AE /* Test05NavigationViewController.swift in Sources */ = {isa = PBXBuildFile; fileRef = 37A6F2A420E0132A00D878AE /* Test05NavigationViewController.swift */; };
		37A6F2A820E0DDA100D878AE /* TestLabel.swift in Sources */ = {isa = PBXBuildFile; fileRef = 37A6F2A720E0DDA100D878AE /* TestLabel.swift */; };
		37A6F2AA20E0DE0500D878AE /* Test06TabbarViewController.swift in Sources */ = {isa = PBXBuildFile; fileRef = 37A6F2A920E0DE0500D878AE /* Test06TabbarViewController.swift */; };
		37A6F2AC20E0DE3500D878AE /* Test06NavigationViewController.swift in Sources */ = {isa = PBXBuildFile; fileRef = 37A6F2AB20E0DE3500D878AE /* Test06NavigationViewController.swift */; };
		37A6F2AE20E0E86C00D878AE /* TestButton.swift in Sources */ = {isa = PBXBuildFile; fileRef = 37A6F2AD20E0E86C00D878AE /* TestButton.swift */; };
		37A6F2B020E13E1500D878AE /* TestSwitch.swift in Sources */ = {isa = PBXBuildFile; fileRef = 37A6F2AF20E13E1500D878AE /* TestSwitch.swift */; };
		37A6F2B220E13E4500D878AE /* TestRefreshControl.swift in Sources */ = {isa = PBXBuildFile; fileRef = 37A6F2B120E13E4500D878AE /* TestRefreshControl.swift */; };
		37A6F2B420E13E6200D878AE /* TestTextField.swift in Sources */ = {isa = PBXBuildFile; fileRef = 37A6F2B320E13E6200D878AE /* TestTextField.swift */; };
		37A6F2B620E13E9A00D878AE /* First06ViewController.swift in Sources */ = {isa = PBXBuildFile; fileRef = 37A6F2B520E13E9A00D878AE /* First06ViewController.swift */; };
		37A6F2B820E13EA700D878AE /* Second06ViewController.swift in Sources */ = {isa = PBXBuildFile; fileRef = 37A6F2B720E13EA700D878AE /* Second06ViewController.swift */; };
		37A6F2BA20E13EB700D878AE /* Third06ViewController.swift in Sources */ = {isa = PBXBuildFile; fileRef = 37A6F2B920E13EB700D878AE /* Third06ViewController.swift */; };
		37A6F2C720E9201600D878AE /* BasicControlsViewController.swift in Sources */ = {isa = PBXBuildFile; fileRef = 37A6F2C620E9201600D878AE /* BasicControlsViewController.swift */; };
		37BC3E22213EDD8B009B73F0 /* ake.png in Resources */ = {isa = PBXBuildFile; fileRef = 37BC3E20213EDD8B009B73F0 /* ake.png */; };
		37BC3E23213EDD8B009B73F0 /* kai.png in Resources */ = {isa = PBXBuildFile; fileRef = 37BC3E21213EDD8B009B73F0 /* kai.png */; };
		37F7E72F20EE19AD0046C45B /* Test08TableviewViewController.swift in Sources */ = {isa = PBXBuildFile; fileRef = 37F7E72E20EE19AD0046C45B /* Test08TableviewViewController.swift */; };
		37F7E73120EE19CE0046C45B /* Test09CollectionViewController.swift in Sources */ = {isa = PBXBuildFile; fileRef = 37F7E73020EE19CE0046C45B /* Test09CollectionViewController.swift */; };
		37F7E73320EE497E0046C45B /* RefreshViewController.swift in Sources */ = {isa = PBXBuildFile; fileRef = 37F7E73220EE497E0046C45B /* RefreshViewController.swift */; };
		65E4CDC5A9D9F683AFE1C46B /* Pods_Demoexam.framework in Frameworks */ = {isa = PBXBuildFile; fileRef = D9CEFD6EB7BB852E813A93EA /* Pods_Demoexam.framework */; };
/* End PBXBuildFile section */

/* Begin PBXFileReference section */
		372A112C2134260600C72079 /* Lament of Valkyrie.mp3 */ = {isa = PBXFileReference; lastKnownFileType = audio.mp3; path = "Lament of Valkyrie.mp3"; sourceTree = "<group>"; };
		372A112E2134262900C72079 /* Myriad.mp3 */ = {isa = PBXFileReference; lastKnownFileType = audio.mp3; path = Myriad.mp3; sourceTree = "<group>"; };
		372A11322134276800C72079 /* movie.mp4 */ = {isa = PBXFileReference; lastKnownFileType = file; path = movie.mp4; sourceTree = "<group>"; };
		373AECEC21416E44003BA401 /* Web13ViewController.swift */ = {isa = PBXFileReference; lastKnownFileType = sourcecode.swift; path = Web13ViewController.swift; sourceTree = "<group>"; };
		373AECF0214271D8003BA401 /* BasicProgramViewController.swift */ = {isa = PBXFileReference; lastKnownFileType = sourcecode.swift; path = BasicProgramViewController.swift; sourceTree = "<group>"; };
		376EBC5E21186AD100AD73EC /* HomeTableViewController.swift */ = {isa = PBXFileReference; lastKnownFileType = sourcecode.swift; path = HomeTableViewController.swift; sourceTree = "<group>"; };
		376EBC602118A99400AD73EC /* swift3中文版.pdf */ = {isa = PBXFileReference; lastKnownFileType = image.pdf; path = "swift3中文版.pdf"; sourceTree = "<group>"; };
		376EBC632118AC1E00AD73EC /* swift4英文版.pdf */ = {isa = PBXFileReference; lastKnownFileType = image.pdf; path = "swift4英文版.pdf"; sourceTree = "<group>"; };
		376EBC65211C4BB900AD73EC /* MineTableViewController.swift */ = {isa = PBXFileReference; lastKnownFileType = sourcecode.swift; path = MineTableViewController.swift; sourceTree = "<group>"; };
		376EBC69211C4D2200AD73EC /* ReadMeViewController.swift */ = {isa = PBXFileReference; lastKnownFileType = sourcecode.swift; path = ReadMeViewController.swift; sourceTree = "<group>"; };
		376EBC6B211C4DEB00AD73EC /* ReadmeotherViewController.swift */ = {isa = PBXFileReference; lastKnownFileType = sourcecode.swift; path = ReadmeotherViewController.swift; sourceTree = "<group>"; };
		376EBC6D211C61DF00AD73EC /* SysTableViewController.swift */ = {isa = PBXFileReference; lastKnownFileType = sourcecode.swift; path = SysTableViewController.swift; sourceTree = "<group>"; };
		376EBC6F211C6D5D00AD73EC /* MyCellTableViewController.swift */ = {isa = PBXFileReference; lastKnownFileType = sourcecode.swift; path = MyCellTableViewController.swift; sourceTree = "<group>"; };
		376EBC712120802D00AD73EC /* SelectedTableViewController.swift */ = {isa = PBXFileReference; lastKnownFileType = sourcecode.swift; path = SelectedTableViewController.swift; sourceTree = "<group>"; };
		376EBC732120804000AD73EC /* InsertTableViewController.swift */ = {isa = PBXFileReference; lastKnownFileType = sourcecode.swift; path = InsertTableViewController.swift; sourceTree = "<group>"; };
		376EBC752120805300AD73EC /* RemoveTableViewController.swift */ = {isa = PBXFileReference; lastKnownFileType = sourcecode.swift; path = RemoveTableViewController.swift; sourceTree = "<group>"; };
		376EBC772120808500AD73EC /* NestedTableViewController.swift */ = {isa = PBXFileReference; lastKnownFileType = sourcecode.swift; path = NestedTableViewController.swift; sourceTree = "<group>"; };
		376EBC7A21231A1C00AD73EC /* Test09MyCollectionViewController.swift */ = {isa = PBXFileReference; lastKnownFileType = sourcecode.swift; path = Test09MyCollectionViewController.swift; sourceTree = "<group>"; };
		376EBC7C21231C5700AD73EC /* Gesture10TableViewController.swift */ = {isa = PBXFileReference; lastKnownFileType = sourcecode.swift; path = Gesture10TableViewController.swift; sourceTree = "<group>"; };
		376EBC7E2127052F00AD73EC /* CheckGesture10ViewController.swift */ = {isa = PBXFileReference; lastKnownFileType = sourcecode.swift; path = CheckGesture10ViewController.swift; sourceTree = "<group>"; };
		376EBC8021294BFA00AD73EC /* Media11ViewController.swift */ = {isa = PBXFileReference; lastKnownFileType = sourcecode.swift; path = Media11ViewController.swift; sourceTree = "<group>"; };
		376EBC82212950B700AD73EC /* Animation11ViewController.swift */ = {isa = PBXFileReference; lastKnownFileType = sourcecode.swift; path = Animation11ViewController.swift; sourceTree = "<group>"; };
		376EBC84212950C900AD73EC /* Radio11ViewController.swift */ = {isa = PBXFileReference; lastKnownFileType = sourcecode.swift; path = Radio11ViewController.swift; sourceTree = "<group>"; };
		376EBC86212950D700AD73EC /* Video11ViewController.swift */ = {isa = PBXFileReference; lastKnownFileType = sourcecode.swift; path = Video11ViewController.swift; sourceTree = "<group>"; };
		376EBC88212950F000AD73EC /* RadioVideo11ViewController.swift */ = {isa = PBXFileReference; lastKnownFileType = sourcecode.swift; path = RadioVideo11ViewController.swift; sourceTree = "<group>"; };
		37706ECF21451BD000763593 /* Store14ViewController.swift */ = {isa = PBXFileReference; lastKnownFileType = sourcecode.swift; path = Store14ViewController.swift; sourceTree = "<group>"; };
		37706ED121451BF800763593 /* MutalProgress15ViewController.swift */ = {isa = PBXFileReference; lastKnownFileType = sourcecode.swift; path = MutalProgress15ViewController.swift; sourceTree = "<group>"; };
		37706ED321451CBA00763593 /* Plist14ViewController.swift */ = {isa = PBXFileReference; lastKnownFileType = sourcecode.swift; path = Plist14ViewController.swift; sourceTree = "<group>"; };
		37706ED521451CD100763593 /* Object14ViewController.swift */ = {isa = PBXFileReference; lastKnownFileType = sourcecode.swift; path = Object14ViewController.swift; sourceTree = "<group>"; };
		37706ED721451CE400763593 /* SQLLite14ViewController.swift */ = {isa = PBXFileReference; lastKnownFileType = sourcecode.swift; path = SQLLite14ViewController.swift; sourceTree = "<group>"; };
		37706ED921451CF300763593 /* CoreDate14ViewController.swift */ = {isa = PBXFileReference; lastKnownFileType = sourcecode.swift; path = CoreDate14ViewController.swift; sourceTree = "<group>"; };
		37706EDB21451DE500763593 /* Thred15ViewController.swift */ = {isa = PBXFileReference; lastKnownFileType = sourcecode.swift; path = Thred15ViewController.swift; sourceTree = "<group>"; };
		37706EDD21451DF500763593 /* Operation15ViewController.swift */ = {isa = PBXFileReference; lastKnownFileType = sourcecode.swift; path = Operation15ViewController.swift; sourceTree = "<group>"; };
		37706EDF21451E0200763593 /* GCD15ViewController.swift */ = {isa = PBXFileReference; lastKnownFileType = sourcecode.swift; path = GCD15ViewController.swift; sourceTree = "<group>"; };
		37706EE121451EA600763593 /* Mapkit16ViewController.swift */ = {isa = PBXFileReference; lastKnownFileType = sourcecode.swift; path = Mapkit16ViewController.swift; sourceTree = "<group>"; };
		3772D26521356388004D2C25 /* Network12ViewController.swift */ = {isa = PBXFileReference; lastKnownFileType = sourcecode.swift; path = Network12ViewController.swift; sourceTree = "<group>"; };
		3772D2672135679A004D2C25 /* Network1201ViewController.swift */ = {isa = PBXFileReference; lastKnownFileType = sourcecode.swift; path = Network1201ViewController.swift; sourceTree = "<group>"; };
		3772D269213567A9004D2C25 /* Network1202ViewController.swift */ = {isa = PBXFileReference; lastKnownFileType = sourcecode.swift; path = Network1202ViewController.swift; sourceTree = "<group>"; };
		3772D26B213567B5004D2C25 /* Network1203ViewController.swift */ = {isa = PBXFileReference; lastKnownFileType = sourcecode.swift; path = Network1203ViewController.swift; sourceTree = "<group>"; };
		3772D26D213567C7004D2C25 /* Network1204ViewController.swift */ = {isa = PBXFileReference; lastKnownFileType = sourcecode.swift; path = Network1204ViewController.swift; sourceTree = "<group>"; };
		3772D26F213569CE004D2C25 /* MyNetworkReachabilityManager.swift */ = {isa = PBXFileReference; lastKnownFileType = sourcecode.swift; path = MyNetworkReachabilityManager.swift; sourceTree = "<group>"; };
		379AC5FA20F3213B0090EACD /* MainTabbarViewController.swift */ = {isa = PBXFileReference; lastKnownFileType = sourcecode.swift; path = MainTabbarViewController.swift; sourceTree = "<group>"; };
		379AC5FE20F3A1AE0090EACD /* CourseTableViewController.swift */ = {isa = PBXFileReference; lastKnownFileType = sourcecode.swift; path = CourseTableViewController.swift; sourceTree = "<group>"; };
		379AC60020F3F0070090EACD /* MainNavViewController.swift */ = {isa = PBXFileReference; lastKnownFileType = sourcecode.swift; path = MainNavViewController.swift; sourceTree = "<group>"; };
		379AC60620F71C6E0090EACD /* Test09CollectionViewCell.swift */ = {isa = PBXFileReference; lastKnownFileType = sourcecode.swift; path = Test09CollectionViewCell.swift; sourceTree = "<group>"; };
		379AC60820FCD7DA0090EACD /* MYTableViewController.swift */ = {isa = PBXFileReference; lastKnownFileType = sourcecode.swift; path = MYTableViewController.swift; sourceTree = "<group>"; };
		379AC61020FCD9D40090EACD /* Test08Tableviewcell.swift */ = {isa = PBXFileReference; fileEncoding = 4; lastKnownFileType = sourcecode.swift; path = Test08Tableviewcell.swift; sourceTree = "<group>"; };
		379AC61220FCE0160090EACD /* IndexTableViewController.swift */ = {isa = PBXFileReference; lastKnownFileType = sourcecode.swift; path = IndexTableViewController.swift; sourceTree = "<group>"; };
		37A6F26B20D9F26D00D878AE /* Demoexam.app */ = {isa = PBXFileReference; explicitFileType = wrapper.application; includeInIndex = 0; path = Demoexam.app; sourceTree = BUILT_PRODUCTS_DIR; };
		37A6F26E20D9F26D00D878AE /* AppDelegate.swift */ = {isa = PBXFileReference; lastKnownFileType = sourcecode.swift; path = AppDelegate.swift; sourceTree = "<group>"; };
		37A6F27020D9F26D00D878AE /* ViewController.swift */ = {isa = PBXFileReference; lastKnownFileType = sourcecode.swift; path = ViewController.swift; sourceTree = "<group>"; };
		37A6F27520D9F26D00D878AE /* Assets.xcassets */ = {isa = PBXFileReference; lastKnownFileType = folder.assetcatalog; path = Assets.xcassets; sourceTree = "<group>"; };
		37A6F27A20D9F26D00D878AE /* Info.plist */ = {isa = PBXFileReference; lastKnownFileType = text.plist.xml; path = Info.plist; sourceTree = "<group>"; };
		37A6F28120D9F2B500D878AE /* FirstViewController.swift */ = {isa = PBXFileReference; lastKnownFileType = sourcecode.swift; path = FirstViewController.swift; sourceTree = "<group>"; };
		37A6F28320D9F2C800D878AE /* SecondViewController.swift */ = {isa = PBXFileReference; lastKnownFileType = sourcecode.swift; path = SecondViewController.swift; sourceTree = "<group>"; };
		37A6F28520D9F2DF00D878AE /* PageViewController.swift */ = {isa = PBXFileReference; lastKnownFileType = sourcecode.swift; path = PageViewController.swift; sourceTree = "<group>"; };
		37A6F28D20DA321600D878AE /* RoundView.swift */ = {isa = PBXFileReference; lastKnownFileType = sourcecode.swift; path = RoundView.swift; sourceTree = "<group>"; };
		37A6F29120DA332300D878AE /* TestViewController.swift */ = {isa = PBXFileReference; lastKnownFileType = sourcecode.swift; path = TestViewController.swift; sourceTree = "<group>"; };
		37A6F29320DA34BA00D878AE /* OldViewController.swift */ = {isa = PBXFileReference; lastKnownFileType = sourcecode.swift; path = OldViewController.swift; sourceTree = "<group>"; };
		37A6F29520DA352600D878AE /* NewViewController.swift */ = {isa = PBXFileReference; lastKnownFileType = sourcecode.swift; path = NewViewController.swift; sourceTree = "<group>"; };
		37A6F29720DC079400D878AE /* First04ViewController.swift */ = {isa = PBXFileReference; lastKnownFileType = sourcecode.swift; path = First04ViewController.swift; sourceTree = "<group>"; };
		37A6F29920DC07A700D878AE /* Second04ViewController.swift */ = {isa = PBXFileReference; lastKnownFileType = sourcecode.swift; path = Second04ViewController.swift; sourceTree = "<group>"; };
		37A6F29B20DC07B800D878AE /* Third04ViewController.swift */ = {isa = PBXFileReference; lastKnownFileType = sourcecode.swift; path = Third04ViewController.swift; sourceTree = "<group>"; };
		37A6F29E20DCBBD700D878AE /* Test04TabbarViewController.swift */ = {isa = PBXFileReference; lastKnownFileType = sourcecode.swift; path = Test04TabbarViewController.swift; sourceTree = "<group>"; };
		37A6F2A020E0112700D878AE /* First05ViewController.swift */ = {isa = PBXFileReference; lastKnownFileType = sourcecode.swift; path = First05ViewController.swift; sourceTree = "<group>"; };
		37A6F2A220E0113600D878AE /* Second05ViewController.swift */ = {isa = PBXFileReference; lastKnownFileType = sourcecode.swift; path = Second05ViewController.swift; sourceTree = "<group>"; };
		37A6F2A420E0132A00D878AE /* Test05NavigationViewController.swift */ = {isa = PBXFileReference; lastKnownFileType = sourcecode.swift; path = Test05NavigationViewController.swift; sourceTree = "<group>"; };
		37A6F2A720E0DDA100D878AE /* TestLabel.swift */ = {isa = PBXFileReference; lastKnownFileType = sourcecode.swift; path = TestLabel.swift; sourceTree = "<group>"; };
		37A6F2A920E0DE0500D878AE /* Test06TabbarViewController.swift */ = {isa = PBXFileReference; lastKnownFileType = sourcecode.swift; path = Test06TabbarViewController.swift; sourceTree = "<group>"; };
		37A6F2AB20E0DE3500D878AE /* Test06NavigationViewController.swift */ = {isa = PBXFileReference; lastKnownFileType = sourcecode.swift; path = Test06NavigationViewController.swift; sourceTree = "<group>"; };
		37A6F2AD20E0E86C00D878AE /* TestButton.swift */ = {isa = PBXFileReference; lastKnownFileType = sourcecode.swift; path = TestButton.swift; sourceTree = "<group>"; };
		37A6F2AF20E13E1500D878AE /* TestSwitch.swift */ = {isa = PBXFileReference; lastKnownFileType = sourcecode.swift; path = TestSwitch.swift; sourceTree = "<group>"; };
		37A6F2B120E13E4500D878AE /* TestRefreshControl.swift */ = {isa = PBXFileReference; lastKnownFileType = sourcecode.swift; path = TestRefreshControl.swift; sourceTree = "<group>"; };
		37A6F2B320E13E6200D878AE /* TestTextField.swift */ = {isa = PBXFileReference; lastKnownFileType = sourcecode.swift; path = TestTextField.swift; sourceTree = "<group>"; };
		37A6F2B520E13E9A00D878AE /* First06ViewController.swift */ = {isa = PBXFileReference; lastKnownFileType = sourcecode.swift; path = First06ViewController.swift; sourceTree = "<group>"; };
		37A6F2B720E13EA700D878AE /* Second06ViewController.swift */ = {isa = PBXFileReference; lastKnownFileType = sourcecode.swift; path = Second06ViewController.swift; sourceTree = "<group>"; };
		37A6F2B920E13EB700D878AE /* Third06ViewController.swift */ = {isa = PBXFileReference; lastKnownFileType = sourcecode.swift; path = Third06ViewController.swift; sourceTree = "<group>"; };
		37A6F2C620E9201600D878AE /* BasicControlsViewController.swift */ = {isa = PBXFileReference; lastKnownFileType = sourcecode.swift; path = BasicControlsViewController.swift; sourceTree = "<group>"; };
		37BC3E20213EDD8B009B73F0 /* ake.png */ = {isa = PBXFileReference; lastKnownFileType = image.png; path = ake.png; sourceTree = "<group>"; };
		37BC3E21213EDD8B009B73F0 /* kai.png */ = {isa = PBXFileReference; lastKnownFileType = image.png; path = kai.png; sourceTree = "<group>"; };
		37F7E72E20EE19AD0046C45B /* Test08TableviewViewController.swift */ = {isa = PBXFileReference; lastKnownFileType = sourcecode.swift; path = Test08TableviewViewController.swift; sourceTree = "<group>"; };
		37F7E73020EE19CE0046C45B /* Test09CollectionViewController.swift */ = {isa = PBXFileReference; lastKnownFileType = sourcecode.swift; path = Test09CollectionViewController.swift; sourceTree = "<group>"; };
		37F7E73220EE497E0046C45B /* RefreshViewController.swift */ = {isa = PBXFileReference; lastKnownFileType = sourcecode.swift; path = RefreshViewController.swift; sourceTree = "<group>"; };
		6F7615D0AFB3C7FC055CB1FA /* Pods-Demoexam.debug.xcconfig */ = {isa = PBXFileReference; includeInIndex = 1; lastKnownFileType = text.xcconfig; name = "Pods-Demoexam.debug.xcconfig"; path = "Pods/Target Support Files/Pods-Demoexam/Pods-Demoexam.debug.xcconfig"; sourceTree = "<group>"; };
		AB6E52AEDA75BB8F2BEFF1AA /* Pods-Demoexam.release.xcconfig */ = {isa = PBXFileReference; includeInIndex = 1; lastKnownFileType = text.xcconfig; name = "Pods-Demoexam.release.xcconfig"; path = "Pods/Target Support Files/Pods-Demoexam/Pods-Demoexam.release.xcconfig"; sourceTree = "<group>"; };
		D9CEFD6EB7BB852E813A93EA /* Pods_Demoexam.framework */ = {isa = PBXFileReference; explicitFileType = wrapper.framework; includeInIndex = 0; path = Pods_Demoexam.framework; sourceTree = BUILT_PRODUCTS_DIR; };
/* End PBXFileReference section */

/* Begin PBXFrameworksBuildPhase section */
		37A6F26820D9F26D00D878AE /* Frameworks */ = {
			isa = PBXFrameworksBuildPhase;
			buildActionMask = 2147483647;
			files = (
				65E4CDC5A9D9F683AFE1C46B /* Pods_Demoexam.framework in Frameworks */,
			);
			runOnlyForDeploymentPostprocessing = 0;
		};
/* End PBXFrameworksBuildPhase section */

/* Begin PBXGroup section */
		19FA76B600A30D7E7D075847 /* Frameworks */ = {
			isa = PBXGroup;
			children = (
				D9CEFD6EB7BB852E813A93EA /* Pods_Demoexam.framework */,
			);
			name = Frameworks;
			sourceTree = "<group>";
		};
		372A112B213425BB00C72079 /* 多媒体素材 */ = {
			isa = PBXGroup;
			children = (
				372A11322134276800C72079 /* movie.mp4 */,
				372A112E2134262900C72079 /* Myriad.mp3 */,
				372A112C2134260600C72079 /* Lament of Valkyrie.mp3 */,
			);
			path = "多媒体素材";
			sourceTree = "<group>";
		};
		373AECEB21416E0D003BA401 /* 13-UIWebview */ = {
			isa = PBXGroup;
			children = (
				373AECEC21416E44003BA401 /* Web13ViewController.swift */,
			);
			path = "13-UIWebview";
			sourceTree = SOURCE_ROOT;
		};
		373AECEE2142713C003BA401 /* NoteBook */ = {
			isa = PBXGroup;
			children = (
			);
			path = NoteBook;
			sourceTree = "<group>";
		};
		373AECEF214271AF003BA401 /* BasicProgram */ = {
			isa = PBXGroup;
			children = (
				373AECF0214271D8003BA401 /* BasicProgramViewController.swift */,
			);
			path = BasicProgram;
			sourceTree = "<group>";
		};
		376EBC68211C4CEE00AD73EC /* 00-ReadMe */ = {
			isa = PBXGroup;
			children = (
				376EBC69211C4D2200AD73EC /* ReadMeViewController.swift */,
				376EBC6B211C4DEB00AD73EC /* ReadmeotherViewController.swift */,
			);
			path = "00-ReadMe";
			sourceTree = "<group>";
		};
		376EBC792121DD7E00AD73EC /* 26-项目案例 */ = {
			isa = PBXGroup;
			children = (
				373AECEE2142713C003BA401 /* NoteBook */,
			);
			path = "26-项目案例";
			sourceTree = "<group>";
		};
		37706EE321451EBC00763593 /* 17-图文混排 */ = {
			isa = PBXGroup;
			children = (
			);
			path = "17-图文混排";
			sourceTree = "<group>";
		};
		37706EE421451ED100763593 /* 18-图像和视频处理 */ = {
			isa = PBXGroup;
			children = (
			);
			path = "18-图像和视频处理";
			sourceTree = "<group>";
		};
		37706EE521451EE700763593 /* 19-常用设备 */ = {
			isa = PBXGroup;
			children = (
			);
			path = "19-常用设备";
			sourceTree = "<group>";
		};
		37706EE621451F2A00763593 /* 20-Storyboard */ = {
			isa = PBXGroup;
			children = (
			);
			path = "20-Storyboard";
			sourceTree = "<group>";
		};
		37706EE721451F4B00763593 /* 21-测试技术 */ = {
			isa = PBXGroup;
			children = (
			);
			path = "21-测试技术";
			sourceTree = "<group>";
		};
		37706EE821451F8200763593 /* 22-内存泄露检测 */ = {
			isa = PBXGroup;
			children = (
			);
			path = "22-内存泄露检测";
			sourceTree = "<group>";
		};
		37706EE921451F9700763593 /* 23-本地化应用 */ = {
			isa = PBXGroup;
			children = (
			);
			path = "23-本地化应用";
			sourceTree = "<group>";
		};
		37706EEA21451FA500763593 /* 24-加密和安全 */ = {
			isa = PBXGroup;
			children = (
			);
			path = "24-加密和安全";
			sourceTree = "<group>";
		};
		37706EEB21451FC200763593 /* 25-Model层框架 */ = {
			isa = PBXGroup;
			children = (
			);
			path = "25-Model层框架";
			sourceTree = "<group>";
		};
		37706EEC2145200500763593 /* 27-打包和发布 */ = {
			isa = PBXGroup;
			children = (
			);
			path = "27-打包和发布";
			sourceTree = "<group>";
		};
		379AC5F920F320E30090EACD /* Main */ = {
			isa = PBXGroup;
			children = (
				373AECEF214271AF003BA401 /* BasicProgram */,
				376EBC632118AC1E00AD73EC /* swift4英文版.pdf */,
				376EBC602118A99400AD73EC /* swift3中文版.pdf */,
				379AC5FA20F3213B0090EACD /* MainTabbarViewController.swift */,
				376EBC5E21186AD100AD73EC /* HomeTableViewController.swift */,
				379AC5FE20F3A1AE0090EACD /* CourseTableViewController.swift */,
				379AC60020F3F0070090EACD /* MainNavViewController.swift */,
				376EBC65211C4BB900AD73EC /* MineTableViewController.swift */,
			);
			path = Main;
			sourceTree = "<group>";
		};
		37A6F26220D9F26D00D878AE = {
			isa = PBXGroup;
			children = (
				37706EEC2145200500763593 /* 27-打包和发布 */,
				376EBC792121DD7E00AD73EC /* 26-项目案例 */,
				37706EEB21451FC200763593 /* 25-Model层框架 */,
				37706EEA21451FA500763593 /* 24-加密和安全 */,
				37706EE921451F9700763593 /* 23-本地化应用 */,
				37706EE821451F8200763593 /* 22-内存泄露检测 */,
				37706EE721451F4B00763593 /* 21-测试技术 */,
				37706EE621451F2A00763593 /* 20-Storyboard */,
				37706EE521451EE700763593 /* 19-常用设备 */,
				37706EE421451ED100763593 /* 18-图像和视频处理 */,
				37706EE321451EBC00763593 /* 17-图文混排 */,
				37A6F2C520E8E4A900D878AE /* 16-MapKit */,
				37A6F2C420E8E49500D878AE /* 15-多线程技术 */,
				37A6F2C320E8E48A00D878AE /* 14-数据存储 */,
				373AECEB21416E0D003BA401 /* 13-UIWebview */,
				37A6F2C120E8E45E00D878AE /* 12-网络请求 */,
				37A6F2C020E8E44A00D878AE /* 11-多媒体技术 */,
				37A6F2BF20E8E41500D878AE /* 10-触控技术 */,
				37A6F2BE20E8E3E700D878AE /* 09-UICollectionView */,
				37A6F2BD20E8E3CA00D878AE /* 08-UITableView */,
				37A6F2A620E0DD5200D878AE /* 07-BasicControls */,
				37A6F29D20DCBA8C00D878AE /* 06-UITabbar+UINavigation */,
				37A6F28820D9F7AF00D878AE /* 05-UINavigationController */,
				37A6F28720D9F4AC00D878AE /* 04-UITabbarController */,
				37A6F28020D9F27800D878AE /* 03-UIScrollView */,
				37A6F28A20D9F89F00D878AE /* 02-UIViewController */,
				37A6F28920D9F7F900D878AE /* 01-UIView */,
				376EBC68211C4CEE00AD73EC /* 00-ReadMe */,
				37A6F26D20D9F26D00D878AE /* Demoexam */,
				37A6F26C20D9F26D00D878AE /* Products */,
				EA2E778EAB8F3CA4F48FD368 /* Pods */,
				19FA76B600A30D7E7D075847 /* Frameworks */,
			);
			sourceTree = "<group>";
		};
		37A6F26C20D9F26D00D878AE /* Products */ = {
			isa = PBXGroup;
			children = (
				37A6F26B20D9F26D00D878AE /* Demoexam.app */,
			);
			name = Products;
			sourceTree = "<group>";
		};
		37A6F26D20D9F26D00D878AE /* Demoexam */ = {
			isa = PBXGroup;
			children = (
				379AC5F920F320E30090EACD /* Main */,
				37A6F26E20D9F26D00D878AE /* AppDelegate.swift */,
				37A6F27020D9F26D00D878AE /* ViewController.swift */,
				37A6F27520D9F26D00D878AE /* Assets.xcassets */,
				37A6F27A20D9F26D00D878AE /* Info.plist */,
			);
			path = Demoexam;
			sourceTree = "<group>";
		};
		37A6F28020D9F27800D878AE /* 03-UIScrollView */ = {
			isa = PBXGroup;
			children = (
				37A6F28120D9F2B500D878AE /* FirstViewController.swift */,
				37A6F28320D9F2C800D878AE /* SecondViewController.swift */,
				37A6F28520D9F2DF00D878AE /* PageViewController.swift */,
			);
			path = "03-UIScrollView";
			sourceTree = "<group>";
		};
		37A6F28720D9F4AC00D878AE /* 04-UITabbarController */ = {
			isa = PBXGroup;
			children = (
				37A6F29720DC079400D878AE /* First04ViewController.swift */,
				37A6F29920DC07A700D878AE /* Second04ViewController.swift */,
				37A6F29B20DC07B800D878AE /* Third04ViewController.swift */,
				37A6F29E20DCBBD700D878AE /* Test04TabbarViewController.swift */,
			);
			path = "04-UITabbarController";
			sourceTree = "<group>";
		};
		37A6F28820D9F7AF00D878AE /* 05-UINavigationController */ = {
			isa = PBXGroup;
			children = (
				37A6F2A020E0112700D878AE /* First05ViewController.swift */,
				37A6F2A220E0113600D878AE /* Second05ViewController.swift */,
				37A6F2A420E0132A00D878AE /* Test05NavigationViewController.swift */,
			);
			path = "05-UINavigationController";
			sourceTree = "<group>";
		};
		37A6F28920D9F7F900D878AE /* 01-UIView */ = {
			isa = PBXGroup;
			children = (
				37A6F29120DA332300D878AE /* TestViewController.swift */,
				37A6F28D20DA321600D878AE /* RoundView.swift */,
			);
			path = "01-UIView";
			sourceTree = "<group>";
		};
		37A6F28A20D9F89F00D878AE /* 02-UIViewController */ = {
			isa = PBXGroup;
			children = (
				37A6F29320DA34BA00D878AE /* OldViewController.swift */,
				37A6F29520DA352600D878AE /* NewViewController.swift */,
			);
			path = "02-UIViewController";
			sourceTree = "<group>";
		};
		37A6F29D20DCBA8C00D878AE /* 06-UITabbar+UINavigation */ = {
			isa = PBXGroup;
			children = (
				37A6F2A920E0DE0500D878AE /* Test06TabbarViewController.swift */,
				37A6F2AB20E0DE3500D878AE /* Test06NavigationViewController.swift */,
				37A6F2B520E13E9A00D878AE /* First06ViewController.swift */,
				37A6F2B720E13EA700D878AE /* Second06ViewController.swift */,
				37A6F2B920E13EB700D878AE /* Third06ViewController.swift */,
			);
			path = "06-UITabbar+UINavigation";
			sourceTree = "<group>";
		};
		37A6F2A620E0DD5200D878AE /* 07-BasicControls */ = {
			isa = PBXGroup;
			children = (
				37A6F2A720E0DDA100D878AE /* TestLabel.swift */,
				37A6F2AD20E0E86C00D878AE /* TestButton.swift */,
				37A6F2AF20E13E1500D878AE /* TestSwitch.swift */,
				37A6F2B120E13E4500D878AE /* TestRefreshControl.swift */,
				37A6F2B320E13E6200D878AE /* TestTextField.swift */,
				37A6F2C620E9201600D878AE /* BasicControlsViewController.swift */,
				37F7E73220EE497E0046C45B /* RefreshViewController.swift */,
			);
			path = "07-BasicControls";
			sourceTree = "<group>";
		};
		37A6F2BD20E8E3CA00D878AE /* 08-UITableView */ = {
			isa = PBXGroup;
			children = (
				37F7E72E20EE19AD0046C45B /* Test08TableviewViewController.swift */,
				376EBC6D211C61DF00AD73EC /* SysTableViewController.swift */,
				379AC60820FCD7DA0090EACD /* MYTableViewController.swift */,
				376EBC6F211C6D5D00AD73EC /* MyCellTableViewController.swift */,
				379AC61020FCD9D40090EACD /* Test08Tableviewcell.swift */,
				379AC61220FCE0160090EACD /* IndexTableViewController.swift */,
				376EBC712120802D00AD73EC /* SelectedTableViewController.swift */,
				376EBC732120804000AD73EC /* InsertTableViewController.swift */,
				376EBC752120805300AD73EC /* RemoveTableViewController.swift */,
				376EBC772120808500AD73EC /* NestedTableViewController.swift */,
			);
			path = "08-UITableView";
			sourceTree = "<group>";
		};
		37A6F2BE20E8E3E700D878AE /* 09-UICollectionView */ = {
			isa = PBXGroup;
			children = (
				37F7E73020EE19CE0046C45B /* Test09CollectionViewController.swift */,
				379AC60620F71C6E0090EACD /* Test09CollectionViewCell.swift */,
				376EBC7A21231A1C00AD73EC /* Test09MyCollectionViewController.swift */,
			);
			path = "09-UICollectionView";
			sourceTree = "<group>";
		};
		37A6F2BF20E8E41500D878AE /* 10-触控技术 */ = {
			isa = PBXGroup;
			children = (
				376EBC7C21231C5700AD73EC /* Gesture10TableViewController.swift */,
				376EBC7E2127052F00AD73EC /* CheckGesture10ViewController.swift */,
			);
			path = "10-触控技术";
			sourceTree = "<group>";
		};
		37A6F2C020E8E44A00D878AE /* 11-多媒体技术 */ = {
			isa = PBXGroup;
			children = (
				372A112B213425BB00C72079 /* 多媒体素材 */,
				376EBC8021294BFA00AD73EC /* Media11ViewController.swift */,
				376EBC82212950B700AD73EC /* Animation11ViewController.swift */,
				376EBC84212950C900AD73EC /* Radio11ViewController.swift */,
				376EBC86212950D700AD73EC /* Video11ViewController.swift */,
				376EBC88212950F000AD73EC /* RadioVideo11ViewController.swift */,
			);
			path = "11-多媒体技术";
			sourceTree = "<group>";
		};
		37A6F2C120E8E45E00D878AE /* 12-网络请求 */ = {
			isa = PBXGroup;
			children = (
				37BC3E17213E91A9009B73F0 /* 网络素材 */,
				3772D26521356388004D2C25 /* Network12ViewController.swift */,
				3772D2672135679A004D2C25 /* Network1201ViewController.swift */,
				3772D269213567A9004D2C25 /* Network1202ViewController.swift */,
				3772D26B213567B5004D2C25 /* Network1203ViewController.swift */,
				3772D26D213567C7004D2C25 /* Network1204ViewController.swift */,
				3772D26F213569CE004D2C25 /* MyNetworkReachabilityManager.swift */,
			);
			path = "12-网络请求";
			sourceTree = "<group>";
		};
		37A6F2C320E8E48A00D878AE /* 14-数据存储 */ = {
			isa = PBXGroup;
			children = (
				37706ECF21451BD000763593 /* Store14ViewController.swift */,
				37706ED321451CBA00763593 /* Plist14ViewController.swift */,
				37706ED521451CD100763593 /* Object14ViewController.swift */,
				37706ED721451CE400763593 /* SQLLite14ViewController.swift */,
				37706ED921451CF300763593 /* CoreDate14ViewController.swift */,
			);
			path = "14-数据存储";
			sourceTree = "<group>";
		};
		37A6F2C420E8E49500D878AE /* 15-多线程技术 */ = {
			isa = PBXGroup;
			children = (
				37706ED121451BF800763593 /* MutalProgress15ViewController.swift */,
				37706EDB21451DE500763593 /* Thred15ViewController.swift */,
				37706EDD21451DF500763593 /* Operation15ViewController.swift */,
				37706EDF21451E0200763593 /* GCD15ViewController.swift */,
			);
			path = "15-多线程技术";
			sourceTree = "<group>";
		};
		37A6F2C520E8E4A900D878AE /* 16-MapKit */ = {
			isa = PBXGroup;
			children = (
				37706EE121451EA600763593 /* Mapkit16ViewController.swift */,
			);
			path = "16-MapKit";
			sourceTree = "<group>";
		};
		37BC3E17213E91A9009B73F0 /* 网络素材 */ = {
			isa = PBXGroup;
			children = (
				37BC3E20213EDD8B009B73F0 /* ake.png */,
				37BC3E21213EDD8B009B73F0 /* kai.png */,
			);
			path = "网络素材";
			sourceTree = "<group>";
		};
		EA2E778EAB8F3CA4F48FD368 /* Pods */ = {
			isa = PBXGroup;
			children = (
				6F7615D0AFB3C7FC055CB1FA /* Pods-Demoexam.debug.xcconfig */,
				AB6E52AEDA75BB8F2BEFF1AA /* Pods-Demoexam.release.xcconfig */,
			);
			name = Pods;
			sourceTree = "<group>";
		};
/* End PBXGroup section */

/* Begin PBXNativeTarget section */
		37A6F26A20D9F26D00D878AE /* Demoexam */ = {
			isa = PBXNativeTarget;
			buildConfigurationList = 37A6F27D20D9F26D00D878AE /* Build configuration list for PBXNativeTarget "Demoexam" */;
			buildPhases = (
				7B6FCB6BEB0AC47EB922440D /* [CP] Check Pods Manifest.lock */,
				37A6F26720D9F26D00D878AE /* Sources */,
				37A6F26820D9F26D00D878AE /* Frameworks */,
				37A6F26920D9F26D00D878AE /* Resources */,
				E04E7CAFE767B22881138705 /* [CP] Embed Pods Frameworks */,
			);
			buildRules = (
			);
			dependencies = (
			);
			name = Demoexam;
			productName = Demoexam;
			productReference = 37A6F26B20D9F26D00D878AE /* Demoexam.app */;
			productType = "com.apple.product-type.application";
		};
/* End PBXNativeTarget section */

/* Begin PBXProject section */
		37A6F26320D9F26D00D878AE /* Project object */ = {
			isa = PBXProject;
			attributes = {
				LastSwiftUpdateCheck = 0930;
				LastUpgradeCheck = 0930;
				ORGANIZATIONNAME = adairwang;
				TargetAttributes = {
					37A6F26A20D9F26D00D878AE = {
						CreatedOnToolsVersion = 9.3.1;
					};
				};
			};
			buildConfigurationList = 37A6F26620D9F26D00D878AE /* Build configuration list for PBXProject "Demoexam" */;
			compatibilityVersion = "Xcode 9.3";
			developmentRegion = en;
			hasScannedForEncodings = 0;
			knownRegions = (
				en,
				Base,
			);
			mainGroup = 37A6F26220D9F26D00D878AE;
			productRefGroup = 37A6F26C20D9F26D00D878AE /* Products */;
			projectDirPath = "";
			projectRoot = "";
			targets = (
				37A6F26A20D9F26D00D878AE /* Demoexam */,
			);
		};
/* End PBXProject section */

/* Begin PBXResourcesBuildPhase section */
		37A6F26920D9F26D00D878AE /* Resources */ = {
			isa = PBXResourcesBuildPhase;
			buildActionMask = 2147483647;
			files = (
				37A6F27620D9F26D00D878AE /* Assets.xcassets in Resources */,
				376EBC612118A99400AD73EC /* swift3中文版.pdf in Resources */,
				372A112F2134262900C72079 /* Myriad.mp3 in Resources */,
				37BC3E22213EDD8B009B73F0 /* ake.png in Resources */,
				372A112D2134260600C72079 /* Lament of Valkyrie.mp3 in Resources */,
				37BC3E23213EDD8B009B73F0 /* kai.png in Resources */,
				376EBC642118AC1E00AD73EC /* swift4英文版.pdf in Resources */,
			);
			runOnlyForDeploymentPostprocessing = 0;
		};
/* End PBXResourcesBuildPhase section */

/* Begin PBXShellScriptBuildPhase section */
		7B6FCB6BEB0AC47EB922440D /* [CP] Check Pods Manifest.lock */ = {
			isa = PBXShellScriptBuildPhase;
			buildActionMask = 2147483647;
			files = (
			);
			inputPaths = (
				"${PODS_PODFILE_DIR_PATH}/Podfile.lock",
				"${PODS_ROOT}/Manifest.lock",
			);
			name = "[CP] Check Pods Manifest.lock";
			outputPaths = (
				"$(DERIVED_FILE_DIR)/Pods-Demoexam-checkManifestLockResult.txt",
			);
			runOnlyForDeploymentPostprocessing = 0;
			shellPath = /bin/sh;
			shellScript = "diff \"${PODS_PODFILE_DIR_PATH}/Podfile.lock\" \"${PODS_ROOT}/Manifest.lock\" > /dev/null\nif [ $? != 0 ] ; then\n    # print error to STDERR\n    echo \"error: The sandbox is not in sync with the Podfile.lock. Run 'pod install' or update your CocoaPods installation.\" >&2\n    exit 1\nfi\n# This output is used by Xcode 'outputs' to avoid re-running this script phase.\necho \"SUCCESS\" > \"${SCRIPT_OUTPUT_FILE_0}\"\n";
			showEnvVarsInLog = 0;
		};
		E04E7CAFE767B22881138705 /* [CP] Embed Pods Frameworks */ = {
			isa = PBXShellScriptBuildPhase;
			buildActionMask = 2147483647;
			files = (
			);
			inputPaths = (
				"${SRCROOT}/Pods/Target Support Files/Pods-Demoexam/Pods-Demoexam-frameworks.sh",
				"${BUILT_PRODUCTS_DIR}/Alamofire/Alamofire.framework",
			);
			name = "[CP] Embed Pods Frameworks";
			outputPaths = (
				"${TARGET_BUILD_DIR}/${FRAMEWORKS_FOLDER_PATH}/Alamofire.framework",
			);
			runOnlyForDeploymentPostprocessing = 0;
			shellPath = /bin/sh;
			shellScript = "\"${SRCROOT}/Pods/Target Support Files/Pods-Demoexam/Pods-Demoexam-frameworks.sh\"\n";
			showEnvVarsInLog = 0;
		};
/* End PBXShellScriptBuildPhase section */

/* Begin PBXSourcesBuildPhase section */
		37A6F26720D9F26D00D878AE /* Sources */ = {
			isa = PBXSourcesBuildPhase;
			buildActionMask = 2147483647;
			files = (
				376EBC70211C6D5D00AD73EC /* MyCellTableViewController.swift in Sources */,
				376EBC66211C4BB900AD73EC /* MineTableViewController.swift in Sources */,
				37F7E72F20EE19AD0046C45B /* Test08TableviewViewController.swift in Sources */,
				3772D26C213567B5004D2C25 /* Network1203ViewController.swift in Sources */,
				37706EDE21451DF500763593 /* Operation15ViewController.swift in Sources */,
				37F7E73120EE19CE0046C45B /* Test09CollectionViewController.swift in Sources */,
				37A6F29420DA34BA00D878AE /* OldViewController.swift in Sources */,
				37706EDA21451CF300763593 /* CoreDate14ViewController.swift in Sources */,
				37A6F29820DC079400D878AE /* First04ViewController.swift in Sources */,
				37A6F2A120E0112700D878AE /* First05ViewController.swift in Sources */,
				37A6F2B620E13E9A00D878AE /* First06ViewController.swift in Sources */,
				37A6F2A520E0132A00D878AE /* Test05NavigationViewController.swift in Sources */,
				37706ED821451CE400763593 /* SQLLite14ViewController.swift in Sources */,
				379AC60920FCD7DA0090EACD /* MYTableViewController.swift in Sources */,
				37706ED621451CD100763593 /* Object14ViewController.swift in Sources */,
				37A6F28420D9F2C800D878AE /* SecondViewController.swift in Sources */,
				37A6F28E20DA321600D878AE /* RoundView.swift in Sources */,
				37A6F29C20DC07B800D878AE /* Third04ViewController.swift in Sources */,
				373AECF1214271D8003BA401 /* BasicProgramViewController.swift in Sources */,
				37F7E73320EE497E0046C45B /* RefreshViewController.swift in Sources */,
				376EBC5F21186AD100AD73EC /* HomeTableViewController.swift in Sources */,
				379AC5FB20F3213B0090EACD /* MainTabbarViewController.swift in Sources */,
				37A6F2B020E13E1500D878AE /* TestSwitch.swift in Sources */,
				37706EE021451E0200763593 /* GCD15ViewController.swift in Sources */,
				376EBC8121294BFA00AD73EC /* Media11ViewController.swift in Sources */,
				376EBC762120805300AD73EC /* RemoveTableViewController.swift in Sources */,
				3772D270213569CE004D2C25 /* MyNetworkReachabilityManager.swift in Sources */,
				379AC60120F3F0070090EACD /* MainNavViewController.swift in Sources */,
				37A6F29220DA332300D878AE /* TestViewController.swift in Sources */,
				37A6F28620D9F2DF00D878AE /* PageViewController.swift in Sources */,
				37A6F2A820E0DDA100D878AE /* TestLabel.swift in Sources */,
				37A6F2B220E13E4500D878AE /* TestRefreshControl.swift in Sources */,
				379AC61120FCD9D40090EACD /* Test08Tableviewcell.swift in Sources */,
				37706ED421451CBA00763593 /* Plist14ViewController.swift in Sources */,
				37A6F2C720E9201600D878AE /* BasicControlsViewController.swift in Sources */,
				376EBC85212950C900AD73EC /* Radio11ViewController.swift in Sources */,
				376EBC722120802D00AD73EC /* SelectedTableViewController.swift in Sources */,
				376EBC83212950B700AD73EC /* Animation11ViewController.swift in Sources */,
				37706EE221451EA600763593 /* Mapkit16ViewController.swift in Sources */,
				3772D26E213567C7004D2C25 /* Network1204ViewController.swift in Sources */,
				37A6F28220D9F2B500D878AE /* FirstViewController.swift in Sources */,
				376EBC7B21231A1C00AD73EC /* Test09MyCollectionViewController.swift in Sources */,
				37A6F2AC20E0DE3500D878AE /* Test06NavigationViewController.swift in Sources */,
				37706EDC21451DE500763593 /* Thred15ViewController.swift in Sources */,
				37A6F29620DA352600D878AE /* NewViewController.swift in Sources */,
				379AC60720F71C6E0090EACD /* Test09CollectionViewCell.swift in Sources */,
				37A6F27120D9F26D00D878AE /* ViewController.swift in Sources */,
				37706ED021451BD000763593 /* Store14ViewController.swift in Sources */,
				376EBC782120808500AD73EC /* NestedTableViewController.swift in Sources */,
				3772D26621356388004D2C25 /* Network12ViewController.swift in Sources */,
				379AC5FF20F3A1AE0090EACD /* CourseTableViewController.swift in Sources */,
				37A6F26F20D9F26D00D878AE /* AppDelegate.swift in Sources */,
				37A6F2AE20E0E86C00D878AE /* TestButton.swift in Sources */,
				37A6F2AA20E0DE0500D878AE /* Test06TabbarViewController.swift in Sources */,
				379AC61320FCE0160090EACD /* IndexTableViewController.swift in Sources */,
				376EBC89212950F000AD73EC /* RadioVideo11ViewController.swift in Sources */,
				376EBC7F2127052F00AD73EC /* CheckGesture10ViewController.swift in Sources */,
				376EBC6A211C4D2200AD73EC /* ReadMeViewController.swift in Sources */,
				37706ED221451BF800763593 /* MutalProgress15ViewController.swift in Sources */,
				37A6F2BA20E13EB700D878AE /* Third06ViewController.swift in Sources */,
				37A6F2B820E13EA700D878AE /* Second06ViewController.swift in Sources */,
				376EBC742120804000AD73EC /* InsertTableViewController.swift in Sources */,
				376EBC87212950D700AD73EC /* Video11ViewController.swift in Sources */,
				376EBC7D21231C5700AD73EC /* Gesture10TableViewController.swift in Sources */,
				373AECED21416E44003BA401 /* Web13ViewController.swift in Sources */,
				37A6F29A20DC07A700D878AE /* Second04ViewController.swift in Sources */,
				37A6F29F20DCBBD700D878AE /* Test04TabbarViewController.swift in Sources */,
				3772D26A213567A9004D2C25 /* Network1202ViewController.swift in Sources */,
				376EBC6C211C4DEB00AD73EC /* ReadmeotherViewController.swift in Sources */,
				376EBC6E211C61DF00AD73EC /* SysTableViewController.swift in Sources */,
				37A6F2B420E13E6200D878AE /* TestTextField.swift in Sources */,
				3772D2682135679A004D2C25 /* Network1201ViewController.swift in Sources */,
				37A6F2A320E0113600D878AE /* Second05ViewController.swift in Sources */,
			);
			runOnlyForDeploymentPostprocessing = 0;
		};
/* End PBXSourcesBuildPhase section */

/* Begin XCBuildConfiguration section */
		37A6F27B20D9F26D00D878AE /* Debug */ = {
			isa = XCBuildConfiguration;
			buildSettings = {
				ALWAYS_SEARCH_USER_PATHS = NO;
				CLANG_ANALYZER_NONNULL = YES;
				CLANG_ANALYZER_NUMBER_OBJECT_CONVERSION = YES_AGGRESSIVE;
				CLANG_CXX_LANGUAGE_STANDARD = "gnu++14";
				CLANG_CXX_LIBRARY = "libc++";
				CLANG_ENABLE_MODULES = YES;
				CLANG_ENABLE_OBJC_ARC = YES;
				CLANG_ENABLE_OBJC_WEAK = YES;
				CLANG_WARN_BLOCK_CAPTURE_AUTORELEASING = YES;
				CLANG_WARN_BOOL_CONVERSION = YES;
				CLANG_WARN_COMMA = YES;
				CLANG_WARN_CONSTANT_CONVERSION = YES;
				CLANG_WARN_DEPRECATED_OBJC_IMPLEMENTATIONS = YES;
				CLANG_WARN_DIRECT_OBJC_ISA_USAGE = YES_ERROR;
				CLANG_WARN_DOCUMENTATION_COMMENTS = YES;
				CLANG_WARN_EMPTY_BODY = YES;
				CLANG_WARN_ENUM_CONVERSION = YES;
				CLANG_WARN_INFINITE_RECURSION = YES;
				CLANG_WARN_INT_CONVERSION = YES;
				CLANG_WARN_NON_LITERAL_NULL_CONVERSION = YES;
				CLANG_WARN_OBJC_IMPLICIT_RETAIN_SELF = YES;
				CLANG_WARN_OBJC_LITERAL_CONVERSION = YES;
				CLANG_WARN_OBJC_ROOT_CLASS = YES_ERROR;
				CLANG_WARN_RANGE_LOOP_ANALYSIS = YES;
				CLANG_WARN_STRICT_PROTOTYPES = YES;
				CLANG_WARN_SUSPICIOUS_MOVE = YES;
				CLANG_WARN_UNGUARDED_AVAILABILITY = YES_AGGRESSIVE;
				CLANG_WARN_UNREACHABLE_CODE = YES;
				CLANG_WARN__DUPLICATE_METHOD_MATCH = YES;
				CODE_SIGN_IDENTITY = "iPhone Developer";
				COPY_PHASE_STRIP = NO;
				DEBUG_INFORMATION_FORMAT = dwarf;
				ENABLE_STRICT_OBJC_MSGSEND = YES;
				ENABLE_TESTABILITY = YES;
				GCC_C_LANGUAGE_STANDARD = gnu11;
				GCC_DYNAMIC_NO_PIC = NO;
				GCC_NO_COMMON_BLOCKS = YES;
				GCC_OPTIMIZATION_LEVEL = 0;
				GCC_PREPROCESSOR_DEFINITIONS = (
					"DEBUG=1",
					"$(inherited)",
				);
				GCC_WARN_64_TO_32_BIT_CONVERSION = YES;
				GCC_WARN_ABOUT_RETURN_TYPE = YES_ERROR;
				GCC_WARN_UNDECLARED_SELECTOR = YES;
				GCC_WARN_UNINITIALIZED_AUTOS = YES_AGGRESSIVE;
				GCC_WARN_UNUSED_FUNCTION = YES;
				GCC_WARN_UNUSED_VARIABLE = YES;
				IPHONEOS_DEPLOYMENT_TARGET = 11.3;
				MTL_ENABLE_DEBUG_INFO = YES;
				ONLY_ACTIVE_ARCH = YES;
				SDKROOT = iphoneos;
				SWIFT_ACTIVE_COMPILATION_CONDITIONS = DEBUG;
				SWIFT_OPTIMIZATION_LEVEL = "-Onone";
			};
			name = Debug;
		};
		37A6F27C20D9F26D00D878AE /* Release */ = {
			isa = XCBuildConfiguration;
			buildSettings = {
				ALWAYS_SEARCH_USER_PATHS = NO;
				CLANG_ANALYZER_NONNULL = YES;
				CLANG_ANALYZER_NUMBER_OBJECT_CONVERSION = YES_AGGRESSIVE;
				CLANG_CXX_LANGUAGE_STANDARD = "gnu++14";
				CLANG_CXX_LIBRARY = "libc++";
				CLANG_ENABLE_MODULES = YES;
				CLANG_ENABLE_OBJC_ARC = YES;
				CLANG_ENABLE_OBJC_WEAK = YES;
				CLANG_WARN_BLOCK_CAPTURE_AUTORELEASING = YES;
				CLANG_WARN_BOOL_CONVERSION = YES;
				CLANG_WARN_COMMA = YES;
				CLANG_WARN_CONSTANT_CONVERSION = YES;
				CLANG_WARN_DEPRECATED_OBJC_IMPLEMENTATIONS = YES;
				CLANG_WARN_DIRECT_OBJC_ISA_USAGE = YES_ERROR;
				CLANG_WARN_DOCUMENTATION_COMMENTS = YES;
				CLANG_WARN_EMPTY_BODY = YES;
				CLANG_WARN_ENUM_CONVERSION = YES;
				CLANG_WARN_INFINITE_RECURSION = YES;
				CLANG_WARN_INT_CONVERSION = YES;
				CLANG_WARN_NON_LITERAL_NULL_CONVERSION = YES;
				CLANG_WARN_OBJC_IMPLICIT_RETAIN_SELF = YES;
				CLANG_WARN_OBJC_LITERAL_CONVERSION = YES;
				CLANG_WARN_OBJC_ROOT_CLASS = YES_ERROR;
				CLANG_WARN_RANGE_LOOP_ANALYSIS = YES;
				CLANG_WARN_STRICT_PROTOTYPES = YES;
				CLANG_WARN_SUSPICIOUS_MOVE = YES;
				CLANG_WARN_UNGUARDED_AVAILABILITY = YES_AGGRESSIVE;
				CLANG_WARN_UNREACHABLE_CODE = YES;
				CLANG_WARN__DUPLICATE_METHOD_MATCH = YES;
				CODE_SIGN_IDENTITY = "iPhone Developer";
				COPY_PHASE_STRIP = NO;
				DEBUG_INFORMATION_FORMAT = "dwarf-with-dsym";
				ENABLE_NS_ASSERTIONS = NO;
				ENABLE_STRICT_OBJC_MSGSEND = YES;
				GCC_C_LANGUAGE_STANDARD = gnu11;
				GCC_NO_COMMON_BLOCKS = YES;
				GCC_WARN_64_TO_32_BIT_CONVERSION = YES;
				GCC_WARN_ABOUT_RETURN_TYPE = YES_ERROR;
				GCC_WARN_UNDECLARED_SELECTOR = YES;
				GCC_WARN_UNINITIALIZED_AUTOS = YES_AGGRESSIVE;
				GCC_WARN_UNUSED_FUNCTION = YES;
				GCC_WARN_UNUSED_VARIABLE = YES;
				IPHONEOS_DEPLOYMENT_TARGET = 11.3;
				MTL_ENABLE_DEBUG_INFO = NO;
				SDKROOT = iphoneos;
				SWIFT_COMPILATION_MODE = wholemodule;
				SWIFT_OPTIMIZATION_LEVEL = "-O";
				VALIDATE_PRODUCT = YES;
			};
			name = Release;
		};
		37A6F27E20D9F26D00D878AE /* Debug */ = {
			isa = XCBuildConfiguration;
			baseConfigurationReference = 6F7615D0AFB3C7FC055CB1FA /* Pods-Demoexam.debug.xcconfig */;
			buildSettings = {
				ASSETCATALOG_COMPILER_APPICON_NAME = AppIcon;
				CODE_SIGN_STYLE = Automatic;
				DEVELOPMENT_TEAM = 3F25WNTGTD;
				INFOPLIST_FILE = Demoexam/Info.plist;
				LD_RUNPATH_SEARCH_PATHS = (
					"$(inherited)",
					"@executable_path/Frameworks",
				);
				PRODUCT_BUNDLE_IDENTIFIER = cloud.com.Demoexam;
				PRODUCT_NAME = "$(TARGET_NAME)";
				SWIFT_VERSION = 4.0;
				TARGETED_DEVICE_FAMILY = "1,2";
			};
			name = Debug;
		};
		37A6F27F20D9F26D00D878AE /* Release */ = {
			isa = XCBuildConfiguration;
			baseConfigurationReference = AB6E52AEDA75BB8F2BEFF1AA /* Pods-Demoexam.release.xcconfig */;
			buildSettings = {
				ASSETCATALOG_COMPILER_APPICON_NAME = AppIcon;
				CODE_SIGN_STYLE = Automatic;
				DEVELOPMENT_TEAM = 3F25WNTGTD;
				INFOPLIST_FILE = Demoexam/Info.plist;
				LD_RUNPATH_SEARCH_PATHS = (
					"$(inherited)",
					"@executable_path/Frameworks",
				);
				PRODUCT_BUNDLE_IDENTIFIER = cloud.com.Demoexam;
				PRODUCT_NAME = "$(TARGET_NAME)";
				SWIFT_VERSION = 4.0;
				TARGETED_DEVICE_FAMILY = "1,2";
			};
			name = Release;
		};
/* End XCBuildConfiguration section */

/* Begin XCConfigurationList section */
		37A6F26620D9F26D00D878AE /* Build configuration list for PBXProject "Demoexam" */ = {
			isa = XCConfigurationList;
			buildConfigurations = (
				37A6F27B20D9F26D00D878AE /* Debug */,
				37A6F27C20D9F26D00D878AE /* Release */,
			);
			defaultConfigurationIsVisible = 0;
			defaultConfigurationName = Release;
		};
		37A6F27D20D9F26D00D878AE /* Build configuration list for PBXNativeTarget "Demoexam" */ = {
			isa = XCConfigurationList;
			buildConfigurations = (
				37A6F27E20D9F26D00D878AE /* Debug */,
				37A6F27F20D9F26D00D878AE /* Release */,
			);
			defaultConfigurationIsVisible = 0;
			defaultConfigurationName = Release;
		};
/* End XCConfigurationList section */
	};
	rootObject = 37A6F26320D9F26D00D878AE /* Project object */;
}
